// !$*UTF8*$!
{
	archiveVersion = 1;
	classes = {
	};
	objectVersion = 56;
	objects = {

/* Begin PBXBuildFile section */
		F108B6142B1DC39B00B4FCBA /* ChemoManualApp.swift in Sources */ = {isa = PBXBuildFile; fileRef = F108B6132B1DC39B00B4FCBA /* ChemoManualApp.swift */; };
		F108B6162B1DC39B00B4FCBA /* ContentView.swift in Sources */ = {isa = PBXBuildFile; fileRef = F108B6152B1DC39B00B4FCBA /* ContentView.swift */; };
		F108B6182B1DC39C00B4FCBA /* Assets.xcassets in Resources */ = {isa = PBXBuildFile; fileRef = F108B6172B1DC39C00B4FCBA /* Assets.xcassets */; };
		F108B61B2B1DC39C00B4FCBA /* Preview Assets.xcassets in Resources */ = {isa = PBXBuildFile; fileRef = F108B61A2B1DC39C00B4FCBA /* Preview Assets.xcassets */; };
		F108B6252B1DC39C00B4FCBA /* ChemoManualTests.swift in Sources */ = {isa = PBXBuildFile; fileRef = F108B6242B1DC39C00B4FCBA /* ChemoManualTests.swift */; };
		F108B62F2B1DC39C00B4FCBA /* ChemoManualUITests.swift in Sources */ = {isa = PBXBuildFile; fileRef = F108B62E2B1DC39C00B4FCBA /* ChemoManualUITests.swift */; };
		F108B6312B1DC39C00B4FCBA /* ChemoManualUITestsLaunchTests.swift in Sources */ = {isa = PBXBuildFile; fileRef = F108B6302B1DC39C00B4FCBA /* ChemoManualUITestsLaunchTests.swift */; };
		F108B63F2B1DC56E00B4FCBA /* FMDB in Frameworks */ = {isa = PBXBuildFile; productRef = F108B63E2B1DC56E00B4FCBA /* FMDB */; };
		F108B6432B1DC5B800B4FCBA /* Type.swift in Sources */ = {isa = PBXBuildFile; fileRef = F108B6422B1DC5B800B4FCBA /* Type.swift */; };
		F108B6452B1DC62600B4FCBA /* DataReader.swift in Sources */ = {isa = PBXBuildFile; fileRef = F108B6442B1DC62600B4FCBA /* DataReader.swift */; };
		F108B6472B1DC64B00B4FCBA /* TextReader.swift in Sources */ = {isa = PBXBuildFile; fileRef = F108B6462B1DC64B00B4FCBA /* TextReader.swift */; };
		F108B6492B1DC66300B4FCBA /* Responder.swift in Sources */ = {isa = PBXBuildFile; fileRef = F108B6482B1DC66300B4FCBA /* Responder.swift */; };
		F108B64B2B1DC68D00B4FCBA /* Main.swift in Sources */ = {isa = PBXBuildFile; fileRef = F108B64A2B1DC68D00B4FCBA /* Main.swift */; };
		F108B64D2B1DC6BB00B4FCBA /* MainScreen.swift in Sources */ = {isa = PBXBuildFile; fileRef = F108B64C2B1DC6BB00B4FCBA /* MainScreen.swift */; };
		F108B64F2B1DC70300B4FCBA /* TypePickerRow.swift in Sources */ = {isa = PBXBuildFile; fileRef = F108B64E2B1DC70300B4FCBA /* TypePickerRow.swift */; };
		F108B6512B1DC72000B4FCBA /* TypePicker.swift in Sources */ = {isa = PBXBuildFile; fileRef = F108B6502B1DC72000B4FCBA /* TypePicker.swift */; };
		F108B6542B1DC74900B4FCBA /* FilteredCards.swift in Sources */ = {isa = PBXBuildFile; fileRef = F108B6532B1DC74900B4FCBA /* FilteredCards.swift */; };
		F108B6562B1DC78F00B4FCBA /* CardView.swift in Sources */ = {isa = PBXBuildFile; fileRef = F108B6552B1DC78F00B4FCBA /* CardView.swift */; };
		F108B6582B1DC7F900B4FCBA /* ChatMessageView.swift in Sources */ = {isa = PBXBuildFile; fileRef = F108B6572B1DC7F900B4FCBA /* ChatMessageView.swift */; };
		F108B65A2B1DC83300B4FCBA /* Message.swift in Sources */ = {isa = PBXBuildFile; fileRef = F108B6592B1DC83300B4FCBA /* Message.swift */; };
		F108B65C2B1DCB0300B4FCBA /* TextSenderView.swift in Sources */ = {isa = PBXBuildFile; fileRef = F108B65B2B1DCB0300B4FCBA /* TextSenderView.swift */; };
		F108B65E2B1DCB2900B4FCBA /* ChatWindowView.swift in Sources */ = {isa = PBXBuildFile; fileRef = F108B65D2B1DCB2900B4FCBA /* ChatWindowView.swift */; };
		F108B6602B1DCBA700B4FCBA /* Constants.swift in Sources */ = {isa = PBXBuildFile; fileRef = F108B65F2B1DCBA700B4FCBA /* Constants.swift */; };
/* End PBXBuildFile section */

/* Begin PBXContainerItemProxy section */
		F108B6212B1DC39C00B4FCBA /* PBXContainerItemProxy */ = {
			isa = PBXContainerItemProxy;
			containerPortal = F108B6082B1DC39B00B4FCBA /* Project object */;
			proxyType = 1;
			remoteGlobalIDString = F108B60F2B1DC39B00B4FCBA;
			remoteInfo = ChemoManual;
		};
		F108B62B2B1DC39C00B4FCBA /* PBXContainerItemProxy */ = {
			isa = PBXContainerItemProxy;
			containerPortal = F108B6082B1DC39B00B4FCBA /* Project object */;
			proxyType = 1;
			remoteGlobalIDString = F108B60F2B1DC39B00B4FCBA;
			remoteInfo = ChemoManual;
		};
/* End PBXContainerItemProxy section */

/* Begin PBXFileReference section */
		F108B6102B1DC39B00B4FCBA /* ChemoManual.app */ = {isa = PBXFileReference; explicitFileType = wrapper.application; includeInIndex = 0; path = ChemoManual.app; sourceTree = BUILT_PRODUCTS_DIR; };
		F108B6132B1DC39B00B4FCBA /* ChemoManualApp.swift */ = {isa = PBXFileReference; lastKnownFileType = sourcecode.swift; path = ChemoManualApp.swift; sourceTree = "<group>"; };
		F108B6152B1DC39B00B4FCBA /* ContentView.swift */ = {isa = PBXFileReference; lastKnownFileType = sourcecode.swift; path = ContentView.swift; sourceTree = "<group>"; };
		F108B6172B1DC39C00B4FCBA /* Assets.xcassets */ = {isa = PBXFileReference; lastKnownFileType = folder.assetcatalog; path = Assets.xcassets; sourceTree = "<group>"; };
		F108B61A2B1DC39C00B4FCBA /* Preview Assets.xcassets */ = {isa = PBXFileReference; lastKnownFileType = folder.assetcatalog; path = "Preview Assets.xcassets"; sourceTree = "<group>"; };
		F108B6202B1DC39C00B4FCBA /* ChemoManualTests.xctest */ = {isa = PBXFileReference; explicitFileType = wrapper.cfbundle; includeInIndex = 0; path = ChemoManualTests.xctest; sourceTree = BUILT_PRODUCTS_DIR; };
		F108B6242B1DC39C00B4FCBA /* ChemoManualTests.swift */ = {isa = PBXFileReference; lastKnownFileType = sourcecode.swift; path = ChemoManualTests.swift; sourceTree = "<group>"; };
		F108B62A2B1DC39C00B4FCBA /* ChemoManualUITests.xctest */ = {isa = PBXFileReference; explicitFileType = wrapper.cfbundle; includeInIndex = 0; path = ChemoManualUITests.xctest; sourceTree = BUILT_PRODUCTS_DIR; };
		F108B62E2B1DC39C00B4FCBA /* ChemoManualUITests.swift */ = {isa = PBXFileReference; lastKnownFileType = sourcecode.swift; path = ChemoManualUITests.swift; sourceTree = "<group>"; };
		F108B6302B1DC39C00B4FCBA /* ChemoManualUITestsLaunchTests.swift */ = {isa = PBXFileReference; lastKnownFileType = sourcecode.swift; path = ChemoManualUITestsLaunchTests.swift; sourceTree = "<group>"; };
		F108B6422B1DC5B800B4FCBA /* Type.swift */ = {isa = PBXFileReference; lastKnownFileType = sourcecode.swift; path = Type.swift; sourceTree = "<group>"; };
		F108B6442B1DC62600B4FCBA /* DataReader.swift */ = {isa = PBXFileReference; lastKnownFileType = sourcecode.swift; path = DataReader.swift; sourceTree = "<group>"; };
		F108B6462B1DC64B00B4FCBA /* TextReader.swift */ = {isa = PBXFileReference; lastKnownFileType = sourcecode.swift; path = TextReader.swift; sourceTree = "<group>"; };
		F108B6482B1DC66300B4FCBA /* Responder.swift */ = {isa = PBXFileReference; lastKnownFileType = sourcecode.swift; path = Responder.swift; sourceTree = "<group>"; };
		F108B64A2B1DC68D00B4FCBA /* Main.swift */ = {isa = PBXFileReference; lastKnownFileType = sourcecode.swift; path = Main.swift; sourceTree = "<group>"; };
		F108B64C2B1DC6BB00B4FCBA /* MainScreen.swift */ = {isa = PBXFileReference; lastKnownFileType = sourcecode.swift; path = MainScreen.swift; sourceTree = "<group>"; };
		F108B64E2B1DC70300B4FCBA /* TypePickerRow.swift */ = {isa = PBXFileReference; lastKnownFileType = sourcecode.swift; path = TypePickerRow.swift; sourceTree = "<group>"; };
		F108B6502B1DC72000B4FCBA /* TypePicker.swift */ = {isa = PBXFileReference; lastKnownFileType = sourcecode.swift; path = TypePicker.swift; sourceTree = "<group>"; };
		F108B6532B1DC74900B4FCBA /* FilteredCards.swift */ = {isa = PBXFileReference; lastKnownFileType = sourcecode.swift; path = FilteredCards.swift; sourceTree = "<group>"; };
		F108B6552B1DC78F00B4FCBA /* CardView.swift */ = {isa = PBXFileReference; lastKnownFileType = sourcecode.swift; path = CardView.swift; sourceTree = "<group>"; };
		F108B6572B1DC7F900B4FCBA /* ChatMessageView.swift */ = {isa = PBXFileReference; lastKnownFileType = sourcecode.swift; path = ChatMessageView.swift; sourceTree = "<group>"; };
		F108B6592B1DC83300B4FCBA /* Message.swift */ = {isa = PBXFileReference; lastKnownFileType = sourcecode.swift; path = Message.swift; sourceTree = "<group>"; };
		F108B65B2B1DCB0300B4FCBA /* TextSenderView.swift */ = {isa = PBXFileReference; lastKnownFileType = sourcecode.swift; path = TextSenderView.swift; sourceTree = "<group>"; };
		F108B65D2B1DCB2900B4FCBA /* ChatWindowView.swift */ = {isa = PBXFileReference; lastKnownFileType = sourcecode.swift; path = ChatWindowView.swift; sourceTree = "<group>"; };
		F108B65F2B1DCBA700B4FCBA /* Constants.swift */ = {isa = PBXFileReference; lastKnownFileType = sourcecode.swift; path = Constants.swift; sourceTree = "<group>"; };
		F108B6622B1DCCC400B4FCBA /* Info.plist */ = {isa = PBXFileReference; lastKnownFileType = text.plist; path = Info.plist; sourceTree = "<group>"; };
/* End PBXFileReference section */

/* Begin PBXFrameworksBuildPhase section */
		F108B60D2B1DC39B00B4FCBA /* Frameworks */ = {
			isa = PBXFrameworksBuildPhase;
			buildActionMask = 2147483647;
			files = (
				F108B63F2B1DC56E00B4FCBA /* FMDB in Frameworks */,
			);
			runOnlyForDeploymentPostprocessing = 0;
		};
		F108B61D2B1DC39C00B4FCBA /* Frameworks */ = {
			isa = PBXFrameworksBuildPhase;
			buildActionMask = 2147483647;
			files = (
			);
			runOnlyForDeploymentPostprocessing = 0;
		};
		F108B6272B1DC39C00B4FCBA /* Frameworks */ = {
			isa = PBXFrameworksBuildPhase;
			buildActionMask = 2147483647;
			files = (
			);
			runOnlyForDeploymentPostprocessing = 0;
		};
/* End PBXFrameworksBuildPhase section */

/* Begin PBXGroup section */
		F108B6072B1DC39B00B4FCBA = {
			isa = PBXGroup;
			children = (
				F108B6122B1DC39B00B4FCBA /* ChemoManual */,
				F108B6232B1DC39C00B4FCBA /* ChemoManualTests */,
				F108B62D2B1DC39C00B4FCBA /* ChemoManualUITests */,
				F108B6112B1DC39B00B4FCBA /* Products */,
			);
			sourceTree = "<group>";
		};
		F108B6112B1DC39B00B4FCBA /* Products */ = {
			isa = PBXGroup;
			children = (
				F108B6102B1DC39B00B4FCBA /* ChemoManual.app */,
				F108B6202B1DC39C00B4FCBA /* ChemoManualTests.xctest */,
				F108B62A2B1DC39C00B4FCBA /* ChemoManualUITests.xctest */,
			);
			name = Products;
			sourceTree = "<group>";
		};
		F108B6122B1DC39B00B4FCBA /* ChemoManual */ = {
			isa = PBXGroup;
			children = (
				F108B6622B1DCCC400B4FCBA /* Info.plist */,
				F108B6612B1DCBAF00B4FCBA /* Resources */,
				F108B6412B1DC5A100B4FCBA /* Models */,
				F108B6402B1DC58600B4FCBA /* Views */,
				F108B6132B1DC39B00B4FCBA /* ChemoManualApp.swift */,
			);
			path = ChemoManual;
			sourceTree = "<group>";
		};
		F108B6192B1DC39C00B4FCBA /* Preview Content */ = {
			isa = PBXGroup;
			children = (
				F108B61A2B1DC39C00B4FCBA /* Preview Assets.xcassets */,
			);
			path = "Preview Content";
			sourceTree = "<group>";
		};
		F108B6232B1DC39C00B4FCBA /* ChemoManualTests */ = {
			isa = PBXGroup;
			children = (
				F108B6242B1DC39C00B4FCBA /* ChemoManualTests.swift */,
			);
			path = ChemoManualTests;
			sourceTree = "<group>";
		};
		F108B62D2B1DC39C00B4FCBA /* ChemoManualUITests */ = {
			isa = PBXGroup;
			children = (
				F108B62E2B1DC39C00B4FCBA /* ChemoManualUITests.swift */,
				F108B6302B1DC39C00B4FCBA /* ChemoManualUITestsLaunchTests.swift */,
			);
			path = ChemoManualUITests;
			sourceTree = "<group>";
		};
		F108B6402B1DC58600B4FCBA /* Views */ = {
			isa = PBXGroup;
			children = (
				F108B6152B1DC39B00B4FCBA /* ContentView.swift */,
				F108B64A2B1DC68D00B4FCBA /* Main.swift */,
				F108B64C2B1DC6BB00B4FCBA /* MainScreen.swift */,
				F108B64E2B1DC70300B4FCBA /* TypePickerRow.swift */,
				F108B6502B1DC72000B4FCBA /* TypePicker.swift */,
				F108B6532B1DC74900B4FCBA /* FilteredCards.swift */,
				F108B6552B1DC78F00B4FCBA /* CardView.swift */,
				F108B6572B1DC7F900B4FCBA /* ChatMessageView.swift */,
				F108B6592B1DC83300B4FCBA /* Message.swift */,
				F108B65B2B1DCB0300B4FCBA /* TextSenderView.swift */,
				F108B65D2B1DCB2900B4FCBA /* ChatWindowView.swift */,
			);
			path = Views;
			sourceTree = "<group>";
		};
		F108B6412B1DC5A100B4FCBA /* Models */ = {
			isa = PBXGroup;
			children = (
				F108B6422B1DC5B800B4FCBA /* Type.swift */,
				F108B6442B1DC62600B4FCBA /* DataReader.swift */,
				F108B6462B1DC64B00B4FCBA /* TextReader.swift */,
				F108B6482B1DC66300B4FCBA /* Responder.swift */,
			);
			path = Models;
			sourceTree = "<group>";
		};
		F108B6612B1DCBAF00B4FCBA /* Resources */ = {
			isa = PBXGroup;
			children = (
				F108B6172B1DC39C00B4FCBA /* Assets.xcassets */,
				F108B6192B1DC39C00B4FCBA /* Preview Content */,
				F108B65F2B1DCBA700B4FCBA /* Constants.swift */,
			);
			path = Resources;
			sourceTree = "<group>";
		};
/* End PBXGroup section */

/* Begin PBXNativeTarget section */
		F108B60F2B1DC39B00B4FCBA /* ChemoManual */ = {
			isa = PBXNativeTarget;
			buildConfigurationList = F108B6342B1DC39C00B4FCBA /* Build configuration list for PBXNativeTarget "ChemoManual" */;
			buildPhases = (
				F108B60C2B1DC39B00B4FCBA /* Sources */,
				F108B60D2B1DC39B00B4FCBA /* Frameworks */,
				F108B60E2B1DC39B00B4FCBA /* Resources */,
			);
			buildRules = (
			);
			dependencies = (
			);
			name = ChemoManual;
			packageProductDependencies = (
				F108B63E2B1DC56E00B4FCBA /* FMDB */,
			);
			productName = ChemoManual;
			productReference = F108B6102B1DC39B00B4FCBA /* ChemoManual.app */;
			productType = "com.apple.product-type.application";
		};
		F108B61F2B1DC39C00B4FCBA /* ChemoManualTests */ = {
			isa = PBXNativeTarget;
			buildConfigurationList = F108B6372B1DC39C00B4FCBA /* Build configuration list for PBXNativeTarget "ChemoManualTests" */;
			buildPhases = (
				F108B61C2B1DC39C00B4FCBA /* Sources */,
				F108B61D2B1DC39C00B4FCBA /* Frameworks */,
				F108B61E2B1DC39C00B4FCBA /* Resources */,
			);
			buildRules = (
			);
			dependencies = (
				F108B6222B1DC39C00B4FCBA /* PBXTargetDependency */,
			);
			name = ChemoManualTests;
			productName = ChemoManualTests;
			productReference = F108B6202B1DC39C00B4FCBA /* ChemoManualTests.xctest */;
			productType = "com.apple.product-type.bundle.unit-test";
		};
		F108B6292B1DC39C00B4FCBA /* ChemoManualUITests */ = {
			isa = PBXNativeTarget;
			buildConfigurationList = F108B63A2B1DC39C00B4FCBA /* Build configuration list for PBXNativeTarget "ChemoManualUITests" */;
			buildPhases = (
				F108B6262B1DC39C00B4FCBA /* Sources */,
				F108B6272B1DC39C00B4FCBA /* Frameworks */,
				F108B6282B1DC39C00B4FCBA /* Resources */,
			);
			buildRules = (
			);
			dependencies = (
				F108B62C2B1DC39C00B4FCBA /* PBXTargetDependency */,
			);
			name = ChemoManualUITests;
			productName = ChemoManualUITests;
			productReference = F108B62A2B1DC39C00B4FCBA /* ChemoManualUITests.xctest */;
			productType = "com.apple.product-type.bundle.ui-testing";
		};
/* End PBXNativeTarget section */

/* Begin PBXProject section */
		F108B6082B1DC39B00B4FCBA /* Project object */ = {
			isa = PBXProject;
			attributes = {
				BuildIndependentTargetsInParallel = 1;
				LastSwiftUpdateCheck = 1430;
				LastUpgradeCheck = 1430;
				TargetAttributes = {
					F108B60F2B1DC39B00B4FCBA = {
						CreatedOnToolsVersion = 14.3.1;
					};
					F108B61F2B1DC39C00B4FCBA = {
						CreatedOnToolsVersion = 14.3.1;
						TestTargetID = F108B60F2B1DC39B00B4FCBA;
					};
					F108B6292B1DC39C00B4FCBA = {
						CreatedOnToolsVersion = 14.3.1;
						TestTargetID = F108B60F2B1DC39B00B4FCBA;
					};
				};
			};
			buildConfigurationList = F108B60B2B1DC39B00B4FCBA /* Build configuration list for PBXProject "ChemoManual" */;
			compatibilityVersion = "Xcode 14.0";
			developmentRegion = en;
			hasScannedForEncodings = 0;
			knownRegions = (
				en,
				Base,
			);
			mainGroup = F108B6072B1DC39B00B4FCBA;
			packageReferences = (
				F108B63D2B1DC56E00B4FCBA /* XCRemoteSwiftPackageReference "fmdb" */,
			);
			productRefGroup = F108B6112B1DC39B00B4FCBA /* Products */;
			projectDirPath = "";
			projectRoot = "";
			targets = (
				F108B60F2B1DC39B00B4FCBA /* ChemoManual */,
				F108B61F2B1DC39C00B4FCBA /* ChemoManualTests */,
				F108B6292B1DC39C00B4FCBA /* ChemoManualUITests */,
			);
		};
/* End PBXProject section */

/* Begin PBXResourcesBuildPhase section */
		F108B60E2B1DC39B00B4FCBA /* Resources */ = {
			isa = PBXResourcesBuildPhase;
			buildActionMask = 2147483647;
			files = (
				F108B61B2B1DC39C00B4FCBA /* Preview Assets.xcassets in Resources */,
				F108B6182B1DC39C00B4FCBA /* Assets.xcassets in Resources */,
			);
			runOnlyForDeploymentPostprocessing = 0;
		};
		F108B61E2B1DC39C00B4FCBA /* Resources */ = {
			isa = PBXResourcesBuildPhase;
			buildActionMask = 2147483647;
			files = (
			);
			runOnlyForDeploymentPostprocessing = 0;
		};
		F108B6282B1DC39C00B4FCBA /* Resources */ = {
			isa = PBXResourcesBuildPhase;
			buildActionMask = 2147483647;
			files = (
			);
			runOnlyForDeploymentPostprocessing = 0;
		};
/* End PBXResourcesBuildPhase section */

/* Begin PBXSourcesBuildPhase section */
		F108B60C2B1DC39B00B4FCBA /* Sources */ = {
			isa = PBXSourcesBuildPhase;
			buildActionMask = 2147483647;
			files = (
				F108B64D2B1DC6BB00B4FCBA /* MainScreen.swift in Sources */,
				F108B6602B1DCBA700B4FCBA /* Constants.swift in Sources */,
				F108B6472B1DC64B00B4FCBA /* TextReader.swift in Sources */,
				F108B65E2B1DCB2900B4FCBA /* ChatWindowView.swift in Sources */,
				F108B6452B1DC62600B4FCBA /* DataReader.swift in Sources */,
				F108B6492B1DC66300B4FCBA /* Responder.swift in Sources */,
				F108B6582B1DC7F900B4FCBA /* ChatMessageView.swift in Sources */,
				F108B6162B1DC39B00B4FCBA /* ContentView.swift in Sources */,
				F108B6432B1DC5B800B4FCBA /* Type.swift in Sources */,
				F108B65C2B1DCB0300B4FCBA /* TextSenderView.swift in Sources */,
				F108B64B2B1DC68D00B4FCBA /* Main.swift in Sources */,
				F108B6512B1DC72000B4FCBA /* TypePicker.swift in Sources */,
				F108B6142B1DC39B00B4FCBA /* ChemoManualApp.swift in Sources */,
				F108B6542B1DC74900B4FCBA /* FilteredCards.swift in Sources */,
				F108B6562B1DC78F00B4FCBA /* CardView.swift in Sources */,
				F108B64F2B1DC70300B4FCBA /* TypePickerRow.swift in Sources */,
				F108B65A2B1DC83300B4FCBA /* Message.swift in Sources */,
			);
			runOnlyForDeploymentPostprocessing = 0;
		};
		F108B61C2B1DC39C00B4FCBA /* Sources */ = {
			isa = PBXSourcesBuildPhase;
			buildActionMask = 2147483647;
			files = (
				F108B6252B1DC39C00B4FCBA /* ChemoManualTests.swift in Sources */,
			);
			runOnlyForDeploymentPostprocessing = 0;
		};
		F108B6262B1DC39C00B4FCBA /* Sources */ = {
			isa = PBXSourcesBuildPhase;
			buildActionMask = 2147483647;
			files = (
				F108B62F2B1DC39C00B4FCBA /* ChemoManualUITests.swift in Sources */,
				F108B6312B1DC39C00B4FCBA /* ChemoManualUITestsLaunchTests.swift in Sources */,
			);
			runOnlyForDeploymentPostprocessing = 0;
		};
/* End PBXSourcesBuildPhase section */

/* Begin PBXTargetDependency section */
		F108B6222B1DC39C00B4FCBA /* PBXTargetDependency */ = {
			isa = PBXTargetDependency;
			target = F108B60F2B1DC39B00B4FCBA /* ChemoManual */;
			targetProxy = F108B6212B1DC39C00B4FCBA /* PBXContainerItemProxy */;
		};
		F108B62C2B1DC39C00B4FCBA /* PBXTargetDependency */ = {
			isa = PBXTargetDependency;
			target = F108B60F2B1DC39B00B4FCBA /* ChemoManual */;
			targetProxy = F108B62B2B1DC39C00B4FCBA /* PBXContainerItemProxy */;
		};
/* End PBXTargetDependency section */

/* Begin XCBuildConfiguration section */
		F108B6322B1DC39C00B4FCBA /* Debug */ = {
			isa = XCBuildConfiguration;
			buildSettings = {
				ALWAYS_SEARCH_USER_PATHS = NO;
				CLANG_ANALYZER_NONNULL = YES;
				CLANG_ANALYZER_NUMBER_OBJECT_CONVERSION = YES_AGGRESSIVE;
				CLANG_CXX_LANGUAGE_STANDARD = "gnu++20";
				CLANG_ENABLE_MODULES = YES;
				CLANG_ENABLE_OBJC_ARC = YES;
				CLANG_ENABLE_OBJC_WEAK = YES;
				CLANG_WARN_BLOCK_CAPTURE_AUTORELEASING = YES;
				CLANG_WARN_BOOL_CONVERSION = YES;
				CLANG_WARN_COMMA = YES;
				CLANG_WARN_CONSTANT_CONVERSION = YES;
				CLANG_WARN_DEPRECATED_OBJC_IMPLEMENTATIONS = YES;
				CLANG_WARN_DIRECT_OBJC_ISA_USAGE = YES_ERROR;
				CLANG_WARN_DOCUMENTATION_COMMENTS = YES;
				CLANG_WARN_EMPTY_BODY = YES;
				CLANG_WARN_ENUM_CONVERSION = YES;
				CLANG_WARN_INFINITE_RECURSION = YES;
				CLANG_WARN_INT_CONVERSION = YES;
				CLANG_WARN_NON_LITERAL_NULL_CONVERSION = YES;
				CLANG_WARN_OBJC_IMPLICIT_RETAIN_SELF = YES;
				CLANG_WARN_OBJC_LITERAL_CONVERSION = YES;
				CLANG_WARN_OBJC_ROOT_CLASS = YES_ERROR;
				CLANG_WARN_QUOTED_INCLUDE_IN_FRAMEWORK_HEADER = YES;
				CLANG_WARN_RANGE_LOOP_ANALYSIS = YES;
				CLANG_WARN_STRICT_PROTOTYPES = YES;
				CLANG_WARN_SUSPICIOUS_MOVE = YES;
				CLANG_WARN_UNGUARDED_AVAILABILITY = YES_AGGRESSIVE;
				CLANG_WARN_UNREACHABLE_CODE = YES;
				CLANG_WARN__DUPLICATE_METHOD_MATCH = YES;
				COPY_PHASE_STRIP = NO;
				DEBUG_INFORMATION_FORMAT = dwarf;
				ENABLE_STRICT_OBJC_MSGSEND = YES;
				ENABLE_TESTABILITY = YES;
				GCC_C_LANGUAGE_STANDARD = gnu11;
				GCC_DYNAMIC_NO_PIC = NO;
				GCC_NO_COMMON_BLOCKS = YES;
				GCC_OPTIMIZATION_LEVEL = 0;
				GCC_PREPROCESSOR_DEFINITIONS = (
					"DEBUG=1",
					"$(inherited)",
				);
				GCC_WARN_64_TO_32_BIT_CONVERSION = YES;
				GCC_WARN_ABOUT_RETURN_TYPE = YES_ERROR;
				GCC_WARN_UNDECLARED_SELECTOR = YES;
				GCC_WARN_UNINITIALIZED_AUTOS = YES_AGGRESSIVE;
				GCC_WARN_UNUSED_FUNCTION = YES;
				GCC_WARN_UNUSED_VARIABLE = YES;
				IPHONEOS_DEPLOYMENT_TARGET = 16.4;
				MTL_ENABLE_DEBUG_INFO = INCLUDE_SOURCE;
				MTL_FAST_MATH = YES;
				ONLY_ACTIVE_ARCH = YES;
				SDKROOT = iphoneos;
				SWIFT_ACTIVE_COMPILATION_CONDITIONS = DEBUG;
				SWIFT_OPTIMIZATION_LEVEL = "-Onone";
			};
			name = Debug;
		};
		F108B6332B1DC39C00B4FCBA /* Release */ = {
			isa = XCBuildConfiguration;
			buildSettings = {
				ALWAYS_SEARCH_USER_PATHS = NO;
				CLANG_ANALYZER_NONNULL = YES;
				CLANG_ANALYZER_NUMBER_OBJECT_CONVERSION = YES_AGGRESSIVE;
				CLANG_CXX_LANGUAGE_STANDARD = "gnu++20";
				CLANG_ENABLE_MODULES = YES;
				CLANG_ENABLE_OBJC_ARC = YES;
				CLANG_ENABLE_OBJC_WEAK = YES;
				CLANG_WARN_BLOCK_CAPTURE_AUTORELEASING = YES;
				CLANG_WARN_BOOL_CONVERSION = YES;
				CLANG_WARN_COMMA = YES;
				CLANG_WARN_CONSTANT_CONVERSION = YES;
				CLANG_WARN_DEPRECATED_OBJC_IMPLEMENTATIONS = YES;
				CLANG_WARN_DIRECT_OBJC_ISA_USAGE = YES_ERROR;
				CLANG_WARN_DOCUMENTATION_COMMENTS = YES;
				CLANG_WARN_EMPTY_BODY = YES;
				CLANG_WARN_ENUM_CONVERSION = YES;
				CLANG_WARN_INFINITE_RECURSION = YES;
				CLANG_WARN_INT_CONVERSION = YES;
				CLANG_WARN_NON_LITERAL_NULL_CONVERSION = YES;
				CLANG_WARN_OBJC_IMPLICIT_RETAIN_SELF = YES;
				CLANG_WARN_OBJC_LITERAL_CONVERSION = YES;
				CLANG_WARN_OBJC_ROOT_CLASS = YES_ERROR;
				CLANG_WARN_QUOTED_INCLUDE_IN_FRAMEWORK_HEADER = YES;
				CLANG_WARN_RANGE_LOOP_ANALYSIS = YES;
				CLANG_WARN_STRICT_PROTOTYPES = YES;
				CLANG_WARN_SUSPICIOUS_MOVE = YES;
				CLANG_WARN_UNGUARDED_AVAILABILITY = YES_AGGRESSIVE;
				CLANG_WARN_UNREACHABLE_CODE = YES;
				CLANG_WARN__DUPLICATE_METHOD_MATCH = YES;
				COPY_PHASE_STRIP = NO;
				DEBUG_INFORMATION_FORMAT = "dwarf-with-dsym";
				ENABLE_NS_ASSERTIONS = NO;
				ENABLE_STRICT_OBJC_MSGSEND = YES;
				GCC_C_LANGUAGE_STANDARD = gnu11;
				GCC_NO_COMMON_BLOCKS = YES;
				GCC_WARN_64_TO_32_BIT_CONVERSION = YES;
				GCC_WARN_ABOUT_RETURN_TYPE = YES_ERROR;
				GCC_WARN_UNDECLARED_SELECTOR = YES;
				GCC_WARN_UNINITIALIZED_AUTOS = YES_AGGRESSIVE;
				GCC_WARN_UNUSED_FUNCTION = YES;
				GCC_WARN_UNUSED_VARIABLE = YES;
				IPHONEOS_DEPLOYMENT_TARGET = 16.4;
				MTL_ENABLE_DEBUG_INFO = NO;
				MTL_FAST_MATH = YES;
				SDKROOT = iphoneos;
				SWIFT_COMPILATION_MODE = wholemodule;
				SWIFT_OPTIMIZATION_LEVEL = "-O";
				VALIDATE_PRODUCT = YES;
			};
			name = Release;
		};
		F108B6352B1DC39C00B4FCBA /* Debug */ = {
			isa = XCBuildConfiguration;
			buildSettings = {
				ASSETCATALOG_COMPILER_APPICON_NAME = AppIcon;
				ASSETCATALOG_COMPILER_GLOBAL_ACCENT_COLOR_NAME = AccentColor;
				CODE_SIGN_STYLE = Automatic;
				CURRENT_PROJECT_VERSION = 1;
				DEVELOPMENT_ASSET_PATHS = "\"ChemoManual/Resources/Preview Content\"";
				DEVELOPMENT_TEAM = V7XD2LAA48;
				ENABLE_PREVIEWS = YES;
				GENERATE_INFOPLIST_FILE = YES;
				INFOPLIST_FILE = ChemoManual/Info.plist;
				INFOPLIST_KEY_UIApplicationSceneManifest_Generation = YES;
				INFOPLIST_KEY_UIApplicationSupportsIndirectInputEvents = YES;
				INFOPLIST_KEY_UILaunchScreen_Generation = YES;
				INFOPLIST_KEY_UISupportedInterfaceOrientations_iPad = "UIInterfaceOrientationPortrait UIInterfaceOrientationPortraitUpsideDown UIInterfaceOrientationLandscapeLeft UIInterfaceOrientationLandscapeRight";
				INFOPLIST_KEY_UISupportedInterfaceOrientations_iPhone = "UIInterfaceOrientationPortrait UIInterfaceOrientationLandscapeLeft UIInterfaceOrientationLandscapeRight";
				LD_RUNPATH_SEARCH_PATHS = (
					"$(inherited)",
					"@executable_path/Frameworks",
				);
				MARKETING_VERSION = 1.0;
				PRODUCT_BUNDLE_IDENTIFIER = Yu.Trie.Yang.ChemoManual;
				PRODUCT_NAME = "$(TARGET_NAME)";
				SWIFT_EMIT_LOC_STRINGS = YES;
				SWIFT_VERSION = 5.0;
				TARGETED_DEVICE_FAMILY = "1,2";
			};
			name = Debug;
		};
		F108B6362B1DC39C00B4FCBA /* Release */ = {
			isa = XCBuildConfiguration;
			buildSettings = {
				ASSETCATALOG_COMPILER_APPICON_NAME = AppIcon;
				ASSETCATALOG_COMPILER_GLOBAL_ACCENT_COLOR_NAME = AccentColor;
				CODE_SIGN_STYLE = Automatic;
				CURRENT_PROJECT_VERSION = 1;
				DEVELOPMENT_ASSET_PATHS = "\"ChemoManual/Resources/Preview Content\"";
				DEVELOPMENT_TEAM = V7XD2LAA48;
				ENABLE_PREVIEWS = YES;
				GENERATE_INFOPLIST_FILE = YES;
				INFOPLIST_FILE = ChemoManual/Info.plist;
				INFOPLIST_KEY_UIApplicationSceneManifest_Generation = YES;
				INFOPLIST_KEY_UIApplicationSupportsIndirectInputEvents = YES;
				INFOPLIST_KEY_UILaunchScreen_Generation = YES;
				INFOPLIST_KEY_UISupportedInterfaceOrientations_iPad = "UIInterfaceOrientationPortrait UIInterfaceOrientationPortraitUpsideDown UIInterfaceOrientationLandscapeLeft UIInterfaceOrientationLandscapeRight";
				INFOPLIST_KEY_UISupportedInterfaceOrientations_iPhone = "UIInterfaceOrientationPortrait UIInterfaceOrientationLandscapeLeft UIInterfaceOrientationLandscapeRight";
				LD_RUNPATH_SEARCH_PATHS = (
					"$(inherited)",
					"@executable_path/Frameworks",
				);
				MARKETING_VERSION = 1.0;
				PRODUCT_BUNDLE_IDENTIFIER = Yu.Trie.Yang.ChemoManual;
				PRODUCT_NAME = "$(TARGET_NAME)";
				SWIFT_EMIT_LOC_STRINGS = YES;
				SWIFT_VERSION = 5.0;
				TARGETED_DEVICE_FAMILY = "1,2";
			};
			name = Release;
		};
		F108B6382B1DC39C00B4FCBA /* Debug */ = {
			isa = XCBuildConfiguration;
			buildSettings = {
				ALWAYS_EMBED_SWIFT_STANDARD_LIBRARIES = YES;
				BUNDLE_LOADER = "$(TEST_HOST)";
				CODE_SIGN_STYLE = Automatic;
				CURRENT_PROJECT_VERSION = 1;
				DEVELOPMENT_TEAM = V7XD2LAA48;
				GENERATE_INFOPLIST_FILE = YES;
				IPHONEOS_DEPLOYMENT_TARGET = 16.4;
				MARKETING_VERSION = 1.0;
				PRODUCT_BUNDLE_IDENTIFIER = Yu.Trie.Yang.ChemoManualTests;
				PRODUCT_NAME = "$(TARGET_NAME)";
				SWIFT_EMIT_LOC_STRINGS = NO;
				SWIFT_VERSION = 5.0;
				TARGETED_DEVICE_FAMILY = "1,2";
				TEST_HOST = "$(BUILT_PRODUCTS_DIR)/ChemoManual.app/$(BUNDLE_EXECUTABLE_FOLDER_PATH)/ChemoManual";
			};
			name = Debug;
		};
		F108B6392B1DC39C00B4FCBA /* Release */ = {
			isa = XCBuildConfiguration;
			buildSettings = {
				ALWAYS_EMBED_SWIFT_STANDARD_LIBRARIES = YES;
				BUNDLE_LOADER = "$(TEST_HOST)";
				CODE_SIGN_STYLE = Automatic;
				CURRENT_PROJECT_VERSION = 1;
				DEVELOPMENT_TEAM = V7XD2LAA48;
				GENERATE_INFOPLIST_FILE = YES;
				IPHONEOS_DEPLOYMENT_TARGET = 16.4;
				MARKETING_VERSION = 1.0;
				PRODUCT_BUNDLE_IDENTIFIER = Yu.Trie.Yang.ChemoManualTests;
				PRODUCT_NAME = "$(TARGET_NAME)";
				SWIFT_EMIT_LOC_STRINGS = NO;
				SWIFT_VERSION = 5.0;
				TARGETED_DEVICE_FAMILY = "1,2";
				TEST_HOST = "$(BUILT_PRODUCTS_DIR)/ChemoManual.app/$(BUNDLE_EXECUTABLE_FOLDER_PATH)/ChemoManual";
			};
			name = Release;
		};
		F108B63B2B1DC39C00B4FCBA /* Debug */ = {
			isa = XCBuildConfiguration;
			buildSettings = {
				ALWAYS_EMBED_SWIFT_STANDARD_LIBRARIES = YES;
				CODE_SIGN_STYLE = Automatic;
				CURRENT_PROJECT_VERSION = 1;
				DEVELOPMENT_TEAM = V7XD2LAA48;
				GENERATE_INFOPLIST_FILE = YES;
				MARKETING_VERSION = 1.0;
				PRODUCT_BUNDLE_IDENTIFIER = Yu.Trie.Yang.ChemoManualUITests;
				PRODUCT_NAME = "$(TARGET_NAME)";
				SWIFT_EMIT_LOC_STRINGS = NO;
				SWIFT_VERSION = 5.0;
				TARGETED_DEVICE_FAMILY = "1,2";
				TEST_TARGET_NAME = ChemoManual;
			};
			name = Debug;
		};
		F108B63C2B1DC39C00B4FCBA /* Release */ = {
			isa = XCBuildConfiguration;
			buildSettings = {
				ALWAYS_EMBED_SWIFT_STANDARD_LIBRARIES = YES;
				CODE_SIGN_STYLE = Automatic;
				CURRENT_PROJECT_VERSION = 1;
				DEVELOPMENT_TEAM = V7XD2LAA48;
				GENERATE_INFOPLIST_FILE = YES;
				MARKETING_VERSION = 1.0;
				PRODUCT_BUNDLE_IDENTIFIER = Yu.Trie.Yang.ChemoManualUITests;
				PRODUCT_NAME = "$(TARGET_NAME)";
				SWIFT_EMIT_LOC_STRINGS = NO;
				SWIFT_VERSION = 5.0;
				TARGETED_DEVICE_FAMILY = "1,2";
				TEST_TARGET_NAME = ChemoManual;
			};
			name = Release;
		};
/* End XCBuildConfiguration section */

/* Begin XCConfigurationList section */
		F108B60B2B1DC39B00B4FCBA /* Build configuration list for PBXProject "ChemoManual" */ = {
			isa = XCConfigurationList;
			buildConfigurations = (
				F108B6322B1DC39C00B4FCBA /* Debug */,
				F108B6332B1DC39C00B4FCBA /* Release */,
			);
			defaultConfigurationIsVisible = 0;
			defaultConfigurationName = Release;
		};
		F108B6342B1DC39C00B4FCBA /* Build configuration list for PBXNativeTarget "ChemoManual" */ = {
			isa = XCConfigurationList;
			buildConfigurations = (
				F108B6352B1DC39C00B4FCBA /* Debug */,
				F108B6362B1DC39C00B4FCBA /* Release */,
			);
			defaultConfigurationIsVisible = 0;
			defaultConfigurationName = Release;
		};
		F108B6372B1DC39C00B4FCBA /* Build configuration list for PBXNativeTarget "ChemoManualTests" */ = {
			isa = XCConfigurationList;
			buildConfigurations = (
				F108B6382B1DC39C00B4FCBA /* Debug */,
				F108B6392B1DC39C00B4FCBA /* Release */,
			);
			defaultConfigurationIsVisible = 0;
			defaultConfigurationName = Release;
		};
		F108B63A2B1DC39C00B4FCBA /* Build configuration list for PBXNativeTarget "ChemoManualUITests" */ = {
			isa = XCConfigurationList;
			buildConfigurations = (
				F108B63B2B1DC39C00B4FCBA /* Debug */,
				F108B63C2B1DC39C00B4FCBA /* Release */,
			);
			defaultConfigurationIsVisible = 0;
			defaultConfigurationName = Release;
		};
/* End XCConfigurationList section */

/* Begin XCRemoteSwiftPackageReference section */
		F108B63D2B1DC56E00B4FCBA /* XCRemoteSwiftPackageReference "fmdb" */ = {
			isa = XCRemoteSwiftPackageReference;
			repositoryURL = "https://github.com/ccgus/fmdb";
			requirement = {
				kind = upToNextMajorVersion;
				minimumVersion = 2.0.0;
			};
		};
/* End XCRemoteSwiftPackageReference section */

/* Begin XCSwiftPackageProductDependency section */
		F108B63E2B1DC56E00B4FCBA /* FMDB */ = {
			isa = XCSwiftPackageProductDependency;
			package = F108B63D2B1DC56E00B4FCBA /* XCRemoteSwiftPackageReference "fmdb" */;
			productName = FMDB;
		};
/* End XCSwiftPackageProductDependency section */
	};
	rootObject = F108B6082B1DC39B00B4FCBA /* Project object */;
}
